
Microsoft Visual Studio Solution File, Format Version 12.00
# Visual Studio Version 17
VisualStudioVersion = 17.10.35013.160
MinimumVisualStudioVersion = 10.0.40219.1
Project("{FAE04EC0-301F-11D3-BF4B-00C04F79EFBC}") = "BestBrightness", "BestBrightness\BestBrightness.csproj", "{BEFCDE8D-9627-4146-82B5-C306DA9FD18A}"
EndProject
Global
	GlobalSection(SolutionConfigurationPlatforms) = preSolution
		Debug|Any CPU = Debug|Any CPU
		Release|Any CPU = Release|Any CPU
	EndGlobalSection
	GlobalSection(ProjectConfigurationPlatforms) = postSolution
		{BEFCDE8D-9627-4146-82B5-C306DA9FD18A}.Debug|Any CPU.ActiveCfg = Debug|Any CPU
		{BEFCDE8D-9627-4146-82B5-C306DA9FD18A}.Debug|Any CPU.Build.0 = Debug|Any CPU
		{BEFCDE8D-9627-4146-82B5-C306DA9FD18A}.Release|Any CPU.ActiveCfg = Release|Any CPU
		{BEFCDE8D-9627-4146-82B5-C306DA9FD18A}.Release|Any CPU.Build.0 = Release|Any CPU
	EndGlobalSection
	GlobalSection(SolutionProperties) = preSolution
		HideSolutionNode = FALSE
	EndGlobalSection
	GlobalSection(ExtensibilityGlobals) = postSolution
		SolutionGuid = {B64B6FE3-63E1-499C-B0D1-8F66127F98E2}
	EndGlobalSection
EndGlobal
